
Microsoft Visual Studio Solution File, Format Version 12.00
# Visual Studio 15
VisualStudioVersion = 15.0.28307.271
MinimumVisualStudioVersion = 10.0.40219.1
Project("{2150E333-8FDC-42A3-9474-1A3956D46DE8}") = "Templates", "Templates", "{B471C7B6-FADC-4CBE-923E-F907D1621DA4}"
EndProject
Project("{2150E333-8FDC-42A3-9474-1A3956D46DE8}") = "Core", "Core", "{52ABAC46-7732-498D-B8A1-1FF8A34202C5}"
EndProject
Project("{2150E333-8FDC-42A3-9474-1A3956D46DE8}") = "Samples", "Samples", "{A422916A-DF0C-4511-B865-130E0A9DAB67}"
EndProject
Project("{2150E333-8FDC-42A3-9474-1A3956D46DE8}") = "Tools", "Tools", "{E0B876AE-395C-4CBE-BDE4-E1B666E61CE4}"
EndProject
Project("{2150E333-8FDC-42A3-9474-1A3956D46DE8}") = "Solution Items", "Solution Items", "{B04FE6BD-1D87-4CCB-84E3-E2CA729C9246}"
	ProjectSection(SolutionItems) = preProject
		SolutionItems\Ezfx.Csv.nuspec = SolutionItems\Ezfx.Csv.nuspec
		Ezfx.Csv.vsmdi = Ezfx.Csv.vsmdi
		Local.testsettings = Local.testsettings
		TraceAndTestImpact.testsettings = TraceAndTestImpact.testsettings
	EndProjectSection
EndProject
Project("{FAE04EC0-301F-11D3-BF4B-00C04F79EFBC}") = "Ezfx.Csv", "Core\Ezfx.Csv\Ezfx.Csv.csproj", "{05071FA2-AE47-4F14-9FB5-BC838F87AA30}"
EndProject
Project("{FAE04EC0-301F-11D3-BF4B-00C04F79EFBC}") = "Ezfx.Csv.ItemWizards", "Templates\Ezfx.Csv.Templates\Ezfx.Csv.ItemWizards.csproj", "{B3DFE103-2AB8-43BB-9B26-4643754D1D97}"
EndProject
Project("{FAE04EC0-301F-11D3-BF4B-00C04F79EFBC}") = "Ezfx.Csv.Templates.CsvClass.CS", "Templates\Ezfx.Csv.Templates.CsvClass.CS\Ezfx.Csv.Templates.CsvClass.CS.csproj", "{111EB207-8CF1-42CB-B7CC-FB5B05A5E6F5}"
EndProject
Project("{F184B08F-C81C-45F6-A57F-5ABD9991F28F}") = "Ezfx.Csv.Templates.CsvClass.VB", "Templates\Ezfx.Csv.Templates.CsvClass.VB\Ezfx.Csv.Templates.CsvClass.VB.vbproj", "{18F64D83-79DD-48DD-B0F1-A66B69B85A20}"
EndProject
Project("{FAE04EC0-301F-11D3-BF4B-00C04F79EFBC}") = "Languages", "Samples\Languages\Languages.csproj", "{A259E4CB-2BD1-4EFF-954F-215303B5C20F}"
EndProject
Project("{FAE04EC0-301F-11D3-BF4B-00C04F79EFBC}") = "Ezfx.Csv.DocumentGenerator", "Tools\Ezfx.Csv.DocumentGenerator\Ezfx.Csv.DocumentGenerator.csproj", "{A7CD79E2-71BB-4D2B-AB59-27806393D5D5}"
EndProject
Project("{FAE04EC0-301F-11D3-BF4B-00C04F79EFBC}") = "LanguageConfigSample", "Samples\LanguageConfigSample\LanguageConfigSample.csproj", "{8E7C3872-7D44-4BFF-AB4A-0C812AEC769D}"
EndProject
Project("{FAE04EC0-301F-11D3-BF4B-00C04F79EFBC}") = "Ezfx.Csv.Test", "Core\Ezfx.Csv.Test\Ezfx.Csv.Test.csproj", "{0B8A26EB-25DE-4CA4-BBF0-57BCD86AF922}"
EndProject
Project("{FAE04EC0-301F-11D3-BF4B-00C04F79EFBC}") = "Ezfx.Csv2Entity.Extension", "Templates\Ezfx.Csv2Entity.VSIX\Ezfx.Csv2Entity.Extension.csproj", "{9CC3B62F-5619-4C6E-A5FF-2B07903AD1C2}"
EndProject
Project("{FAE04EC0-301F-11D3-BF4B-00C04F79EFBC}") = "Ezfx.Csv.Tools.DocumentGenerator", "Ezfx.Csv.Tools.DocumentGenerator\Ezfx.Csv.Tools.DocumentGenerator.csproj", "{B6CB2F32-382C-4A06-A641-2F245175B15E}"
EndProject
Project("{F184B08F-C81C-45F6-A57F-5ABD9991F28F}") = "ProgrammingLanguagePopularity", "Samples\ProgrammingLanguagePopularity\ProgrammingLanguagePopularity.vbproj", "{263776CF-9C29-4A8D-9988-5CE03AF45417}"
EndProject
Project("{2150E333-8FDC-42A3-9474-1A3956D46DE8}") = "Docs", "Docs", "{6B5B884C-42FC-4AC7-8E45-3839B57C8CF3}"
	ProjectSection(SolutionItems) = preProject
		Docs\RFC 4180 - Common Format and MIME Type for Comma-Separated Values (CSV) Files.html = Docs\RFC 4180 - Common Format and MIME Type for Comma-Separated Values (CSV) Files.html
	EndProjectSection
EndProject
Project("{FAE04EC0-301F-11D3-BF4B-00C04F79EFBC}") = "Cars.CS", "Samples\Cars.CS\Cars.CS.csproj", "{B4A29268-0CDA-4988-8197-2C65436FE72B}"
EndProject
Project("{F184B08F-C81C-45F6-A57F-5ABD9991F28F}") = "Cars.VB", "Samples\Cars.VB\Cars.VB.vbproj", "{8B307F66-CE94-4240-8977-62B22DC2838F}"
EndProject
Global
	GlobalSection(SolutionConfigurationPlatforms) = preSolution
		Debug|Any CPU = Debug|Any CPU
		Debug|Mixed Platforms = Debug|Mixed Platforms
		Debug|x86 = Debug|x86
		Release|Any CPU = Release|Any CPU
		Release|Mixed Platforms = Release|Mixed Platforms
		Release|x86 = Release|x86
	EndGlobalSection
	GlobalSection(ProjectConfigurationPlatforms) = postSolution
		{05071FA2-AE47-4F14-9FB5-BC838F87AA30}.Debug|Any CPU.ActiveCfg = Debug|Any CPU
		{05071FA2-AE47-4F14-9FB5-BC838F87AA30}.Debug|Any CPU.Build.0 = Debug|Any CPU
		{05071FA2-AE47-4F14-9FB5-BC838F87AA30}.Debug|Mixed Platforms.ActiveCfg = Debug|Any CPU
		{05071FA2-AE47-4F14-9FB5-BC838F87AA30}.Debug|Mixed Platforms.Build.0 = Debug|Any CPU
		{05071FA2-AE47-4F14-9FB5-BC838F87AA30}.Debug|x86.ActiveCfg = Debug|Any CPU
		{05071FA2-AE47-4F14-9FB5-BC838F87AA30}.Release|Any CPU.ActiveCfg = Release|Any CPU
		{05071FA2-AE47-4F14-9FB5-BC838F87AA30}.Release|Any CPU.Build.0 = Release|Any CPU
		{05071FA2-AE47-4F14-9FB5-BC838F87AA30}.Release|Mixed Platforms.ActiveCfg = Release|Any CPU
		{05071FA2-AE47-4F14-9FB5-BC838F87AA30}.Release|Mixed Platforms.Build.0 = Release|Any CPU
		{05071FA2-AE47-4F14-9FB5-BC838F87AA30}.Release|x86.ActiveCfg = Release|Any CPU
		{B3DFE103-2AB8-43BB-9B26-4643754D1D97}.Debug|Any CPU.ActiveCfg = Debug|Any CPU
		{B3DFE103-2AB8-43BB-9B26-4643754D1D97}.Debug|Any CPU.Build.0 = Debug|Any CPU
		{B3DFE103-2AB8-43BB-9B26-4643754D1D97}.Debug|Mixed Platforms.ActiveCfg = Debug|Any CPU
		{B3DFE103-2AB8-43BB-9B26-4643754D1D97}.Debug|Mixed Platforms.Build.0 = Debug|Any CPU
		{B3DFE103-2AB8-43BB-9B26-4643754D1D97}.Debug|x86.ActiveCfg = Debug|Any CPU
		{B3DFE103-2AB8-43BB-9B26-4643754D1D97}.Release|Any CPU.ActiveCfg = Release|Any CPU
		{B3DFE103-2AB8-43BB-9B26-4643754D1D97}.Release|Any CPU.Build.0 = Release|Any CPU
		{B3DFE103-2AB8-43BB-9B26-4643754D1D97}.Release|Mixed Platforms.ActiveCfg = Release|Any CPU
		{B3DFE103-2AB8-43BB-9B26-4643754D1D97}.Release|Mixed Platforms.Build.0 = Release|Any CPU
		{B3DFE103-2AB8-43BB-9B26-4643754D1D97}.Release|x86.ActiveCfg = Release|Any CPU
		{111EB207-8CF1-42CB-B7CC-FB5B05A5E6F5}.Debug|Any CPU.ActiveCfg = Debug|Any CPU
		{111EB207-8CF1-42CB-B7CC-FB5B05A5E6F5}.Debug|Any CPU.Build.0 = Debug|Any CPU
		{111EB207-8CF1-42CB-B7CC-FB5B05A5E6F5}.Debug|Mixed Platforms.ActiveCfg = Debug|Any CPU
		{111EB207-8CF1-42CB-B7CC-FB5B05A5E6F5}.Debug|Mixed Platforms.Build.0 = Debug|Any CPU
		{111EB207-8CF1-42CB-B7CC-FB5B05A5E6F5}.Debug|x86.ActiveCfg = Debug|Any CPU
		{111EB207-8CF1-42CB-B7CC-FB5B05A5E6F5}.Release|Any CPU.ActiveCfg = Release|Any CPU
		{111EB207-8CF1-42CB-B7CC-FB5B05A5E6F5}.Release|Any CPU.Build.0 = Release|Any CPU
		{111EB207-8CF1-42CB-B7CC-FB5B05A5E6F5}.Release|Mixed Platforms.ActiveCfg = Release|Any CPU
		{111EB207-8CF1-42CB-B7CC-FB5B05A5E6F5}.Release|Mixed Platforms.Build.0 = Release|Any CPU
		{111EB207-8CF1-42CB-B7CC-FB5B05A5E6F5}.Release|x86.ActiveCfg = Release|Any CPU
		{18F64D83-79DD-48DD-B0F1-A66B69B85A20}.Debug|Any CPU.ActiveCfg = Debug|Any CPU
		{18F64D83-79DD-48DD-B0F1-A66B69B85A20}.Debug|Any CPU.Build.0 = Debug|Any CPU
		{18F64D83-79DD-48DD-B0F1-A66B69B85A20}.Debug|Mixed Platforms.ActiveCfg = Debug|Any CPU
		{18F64D83-79DD-48DD-B0F1-A66B69B85A20}.Debug|Mixed Platforms.Build.0 = Debug|Any CPU
		{18F64D83-79DD-48DD-B0F1-A66B69B85A20}.Debug|x86.ActiveCfg = Debug|Any CPU
		{18F64D83-79DD-48DD-B0F1-A66B69B85A20}.Release|Any CPU.ActiveCfg = Release|Any CPU
		{18F64D83-79DD-48DD-B0F1-A66B69B85A20}.Release|Any CPU.Build.0 = Release|Any CPU
		{18F64D83-79DD-48DD-B0F1-A66B69B85A20}.Release|Mixed Platforms.ActiveCfg = Release|Any CPU
		{18F64D83-79DD-48DD-B0F1-A66B69B85A20}.Release|Mixed Platforms.Build.0 = Release|Any CPU
		{18F64D83-79DD-48DD-B0F1-A66B69B85A20}.Release|x86.ActiveCfg = Release|Any CPU
		{A259E4CB-2BD1-4EFF-954F-215303B5C20F}.Debug|Any CPU.ActiveCfg = Debug|x86
		{A259E4CB-2BD1-4EFF-954F-215303B5C20F}.Debug|Mixed Platforms.ActiveCfg = Debug|x86
		{A259E4CB-2BD1-4EFF-954F-215303B5C20F}.Debug|Mixed Platforms.Build.0 = Debug|x86
		{A259E4CB-2BD1-4EFF-954F-215303B5C20F}.Debug|x86.ActiveCfg = Debug|x86
		{A259E4CB-2BD1-4EFF-954F-215303B5C20F}.Debug|x86.Build.0 = Debug|x86
		{A259E4CB-2BD1-4EFF-954F-215303B5C20F}.Release|Any CPU.ActiveCfg = Release|x86
		{A259E4CB-2BD1-4EFF-954F-215303B5C20F}.Release|Mixed Platforms.ActiveCfg = Release|x86
		{A259E4CB-2BD1-4EFF-954F-215303B5C20F}.Release|Mixed Platforms.Build.0 = Release|x86
		{A259E4CB-2BD1-4EFF-954F-215303B5C20F}.Release|x86.ActiveCfg = Release|x86
		{A259E4CB-2BD1-4EFF-954F-215303B5C20F}.Release|x86.Build.0 = Release|x86
		{A7CD79E2-71BB-4D2B-AB59-27806393D5D5}.Debug|Any CPU.ActiveCfg = Debug|x86
		{A7CD79E2-71BB-4D2B-AB59-27806393D5D5}.Debug|Mixed Platforms.ActiveCfg = Debug|x86
		{A7CD79E2-71BB-4D2B-AB59-27806393D5D5}.Debug|Mixed Platforms.Build.0 = Debug|x86
		{A7CD79E2-71BB-4D2B-AB59-27806393D5D5}.Debug|x86.ActiveCfg = Debug|x86
		{A7CD79E2-71BB-4D2B-AB59-27806393D5D5}.Debug|x86.Build.0 = Debug|x86
		{A7CD79E2-71BB-4D2B-AB59-27806393D5D5}.Release|Any CPU.ActiveCfg = Release|x86
		{A7CD79E2-71BB-4D2B-AB59-27806393D5D5}.Release|Mixed Platforms.ActiveCfg = Release|x86
		{A7CD79E2-71BB-4D2B-AB59-27806393D5D5}.Release|Mixed Platforms.Build.0 = Release|x86
		{A7CD79E2-71BB-4D2B-AB59-27806393D5D5}.Release|x86.ActiveCfg = Release|x86
		{A7CD79E2-71BB-4D2B-AB59-27806393D5D5}.Release|x86.Build.0 = Release|x86
		{8E7C3872-7D44-4BFF-AB4A-0C812AEC769D}.Debug|Any CPU.ActiveCfg = Debug|x86
		{8E7C3872-7D44-4BFF-AB4A-0C812AEC769D}.Debug|Mixed Platforms.ActiveCfg = Debug|x86
		{8E7C3872-7D44-4BFF-AB4A-0C812AEC769D}.Debug|Mixed Platforms.Build.0 = Debug|x86
		{8E7C3872-7D44-4BFF-AB4A-0C812AEC769D}.Debug|x86.ActiveCfg = Debug|x86
		{8E7C3872-7D44-4BFF-AB4A-0C812AEC769D}.Debug|x86.Build.0 = Debug|x86
		{8E7C3872-7D44-4BFF-AB4A-0C812AEC769D}.Release|Any CPU.ActiveCfg = Release|x86
		{8E7C3872-7D44-4BFF-AB4A-0C812AEC769D}.Release|Mixed Platforms.ActiveCfg = Release|x86
		{8E7C3872-7D44-4BFF-AB4A-0C812AEC769D}.Release|Mixed Platforms.Build.0 = Release|x86
		{8E7C3872-7D44-4BFF-AB4A-0C812AEC769D}.Release|x86.ActiveCfg = Release|x86
		{8E7C3872-7D44-4BFF-AB4A-0C812AEC769D}.Release|x86.Build.0 = Release|x86
		{0B8A26EB-25DE-4CA4-BBF0-57BCD86AF922}.Debug|Any CPU.ActiveCfg = Debug|Any CPU
		{0B8A26EB-25DE-4CA4-BBF0-57BCD86AF922}.Debug|Any CPU.Build.0 = Debug|Any CPU
		{0B8A26EB-25DE-4CA4-BBF0-57BCD86AF922}.Debug|Mixed Platforms.ActiveCfg = Debug|Any CPU
		{0B8A26EB-25DE-4CA4-BBF0-57BCD86AF922}.Debug|Mixed Platforms.Build.0 = Debug|Any CPU
		{0B8A26EB-25DE-4CA4-BBF0-57BCD86AF922}.Debug|x86.ActiveCfg = Debug|Any CPU
		{0B8A26EB-25DE-4CA4-BBF0-57BCD86AF922}.Release|Any CPU.ActiveCfg = Release|Any CPU
		{0B8A26EB-25DE-4CA4-BBF0-57BCD86AF922}.Release|Any CPU.Build.0 = Release|Any CPU
		{0B8A26EB-25DE-4CA4-BBF0-57BCD86AF922}.Release|Mixed Platforms.ActiveCfg = Release|Any CPU
		{0B8A26EB-25DE-4CA4-BBF0-57BCD86AF922}.Release|Mixed Platforms.Build.0 = Release|Any CPU
		{0B8A26EB-25DE-4CA4-BBF0-57BCD86AF922}.Release|x86.ActiveCfg = Release|Any CPU
		{9CC3B62F-5619-4C6E-A5FF-2B07903AD1C2}.Debug|Any CPU.ActiveCfg = Debug|Any CPU
		{9CC3B62F-5619-4C6E-A5FF-2B07903AD1C2}.Debug|Any CPU.Build.0 = Debug|Any CPU
		{9CC3B62F-5619-4C6E-A5FF-2B07903AD1C2}.Debug|Mixed Platforms.ActiveCfg = Debug|Any CPU
		{9CC3B62F-5619-4C6E-A5FF-2B07903AD1C2}.Debug|Mixed Platforms.Build.0 = Debug|Any CPU
		{9CC3B62F-5619-4C6E-A5FF-2B07903AD1C2}.Debug|x86.ActiveCfg = Debug|Any CPU
		{9CC3B62F-5619-4C6E-A5FF-2B07903AD1C2}.Debug|x86.Build.0 = Debug|Any CPU
		{9CC3B62F-5619-4C6E-A5FF-2B07903AD1C2}.Release|Any CPU.ActiveCfg = Release|Any CPU
		{9CC3B62F-5619-4C6E-A5FF-2B07903AD1C2}.Release|Any CPU.Build.0 = Release|Any CPU
		{9CC3B62F-5619-4C6E-A5FF-2B07903AD1C2}.Release|Mixed Platforms.ActiveCfg = Release|Any CPU
		{9CC3B62F-5619-4C6E-A5FF-2B07903AD1C2}.Release|Mixed Platforms.Build.0 = Release|Any CPU
		{9CC3B62F-5619-4C6E-A5FF-2B07903AD1C2}.Release|x86.ActiveCfg = Release|Any CPU
		{9CC3B62F-5619-4C6E-A5FF-2B07903AD1C2}.Release|x86.Build.0 = Release|Any CPU
		{B6CB2F32-382C-4A06-A641-2F245175B15E}.Debug|Any CPU.ActiveCfg = Debug|Any CPU
		{B6CB2F32-382C-4A06-A641-2F245175B15E}.Debug|Any CPU.Build.0 = Debug|Any CPU
		{B6CB2F32-382C-4A06-A641-2F245175B15E}.Debug|Mixed Platforms.ActiveCfg = Debug|Any CPU
		{B6CB2F32-382C-4A06-A641-2F245175B15E}.Debug|Mixed Platforms.Build.0 = Debug|Any CPU
		{B6CB2F32-382C-4A06-A641-2F245175B15E}.Debug|x86.ActiveCfg = Debug|Any CPU
		{B6CB2F32-382C-4A06-A641-2F245175B15E}.Debug|x86.Build.0 = Debug|Any CPU
		{B6CB2F32-382C-4A06-A641-2F245175B15E}.Release|Any CPU.ActiveCfg = Release|Any CPU
		{B6CB2F32-382C-4A06-A641-2F245175B15E}.Release|Any CPU.Build.0 = Release|Any CPU
		{B6CB2F32-382C-4A06-A641-2F245175B15E}.Release|Mixed Platforms.ActiveCfg = Release|Any CPU
		{B6CB2F32-382C-4A06-A641-2F245175B15E}.Release|Mixed Platforms.Build.0 = Release|Any CPU
		{B6CB2F32-382C-4A06-A641-2F245175B15E}.Release|x86.ActiveCfg = Release|Any CPU
		{B6CB2F32-382C-4A06-A641-2F245175B15E}.Release|x86.Build.0 = Release|Any CPU
		{263776CF-9C29-4A8D-9988-5CE03AF45417}.Debug|Any CPU.ActiveCfg = Debug|x86
		{263776CF-9C29-4A8D-9988-5CE03AF45417}.Debug|Mixed Platforms.ActiveCfg = Debug|x86
		{263776CF-9C29-4A8D-9988-5CE03AF45417}.Debug|Mixed Platforms.Build.0 = Debug|x86
		{263776CF-9C29-4A8D-9988-5CE03AF45417}.Debug|x86.ActiveCfg = Debug|x86
		{263776CF-9C29-4A8D-9988-5CE03AF45417}.Debug|x86.Build.0 = Debug|x86
		{263776CF-9C29-4A8D-9988-5CE03AF45417}.Release|Any CPU.ActiveCfg = Release|x86
		{263776CF-9C29-4A8D-9988-5CE03AF45417}.Release|Mixed Platforms.ActiveCfg = Release|x86
		{263776CF-9C29-4A8D-9988-5CE03AF45417}.Release|Mixed Platforms.Build.0 = Release|x86
		{263776CF-9C29-4A8D-9988-5CE03AF45417}.Release|x86.ActiveCfg = Release|x86
		{263776CF-9C29-4A8D-9988-5CE03AF45417}.Release|x86.Build.0 = Release|x86
		{B4A29268-0CDA-4988-8197-2C65436FE72B}.Debug|Any CPU.ActiveCfg = Debug|Any CPU
		{B4A29268-0CDA-4988-8197-2C65436FE72B}.Debug|Any CPU.Build.0 = Debug|Any CPU
		{B4A29268-0CDA-4988-8197-2C65436FE72B}.Debug|Mixed Platforms.ActiveCfg = Debug|Any CPU
		{B4A29268-0CDA-4988-8197-2C65436FE72B}.Debug|Mixed Platforms.Build.0 = Debug|Any CPU
		{B4A29268-0CDA-4988-8197-2C65436FE72B}.Debug|x86.ActiveCfg = Debug|Any CPU
		{B4A29268-0CDA-4988-8197-2C65436FE72B}.Debug|x86.Build.0 = Debug|Any CPU
		{B4A29268-0CDA-4988-8197-2C65436FE72B}.Release|Any CPU.ActiveCfg = Release|Any CPU
		{B4A29268-0CDA-4988-8197-2C65436FE72B}.Release|Any CPU.Build.0 = Release|Any CPU
		{B4A29268-0CDA-4988-8197-2C65436FE72B}.Release|Mixed Platforms.ActiveCfg = Release|Any CPU
		{B4A29268-0CDA-4988-8197-2C65436FE72B}.Release|Mixed Platforms.Build.0 = Release|Any CPU
		{B4A29268-0CDA-4988-8197-2C65436FE72B}.Release|x86.ActiveCfg = Release|Any CPU
		{B4A29268-0CDA-4988-8197-2C65436FE72B}.Release|x86.Build.0 = Release|Any CPU
		{8B307F66-CE94-4240-8977-62B22DC2838F}.Debug|Any CPU.ActiveCfg = Debug|Any CPU
		{8B307F66-CE94-4240-8977-62B22DC2838F}.Debug|Any CPU.Build.0 = Debug|Any CPU
		{8B307F66-CE94-4240-8977-62B22DC2838F}.Debug|Mixed Platforms.ActiveCfg = Debug|Any CPU
		{8B307F66-CE94-4240-8977-62B22DC2838F}.Debug|Mixed Platforms.Build.0 = Debug|Any CPU
		{8B307F66-CE94-4240-8977-62B22DC2838F}.Debug|x86.ActiveCfg = Debug|Any CPU
		{8B307F66-CE94-4240-8977-62B22DC2838F}.Debug|x86.Build.0 = Debug|Any CPU
		{8B307F66-CE94-4240-8977-62B22DC2838F}.Release|Any CPU.ActiveCfg = Release|Any CPU
		{8B307F66-CE94-4240-8977-62B22DC2838F}.Release|Any CPU.Build.0 = Release|Any CPU
		{8B307F66-CE94-4240-8977-62B22DC2838F}.Release|Mixed Platforms.ActiveCfg = Release|Any CPU
		{8B307F66-CE94-4240-8977-62B22DC2838F}.Release|Mixed Platforms.Build.0 = Release|Any CPU
		{8B307F66-CE94-4240-8977-62B22DC2838F}.Release|x86.ActiveCfg = Release|Any CPU
		{8B307F66-CE94-4240-8977-62B22DC2838F}.Release|x86.Build.0 = Release|Any CPU
	EndGlobalSection
	GlobalSection(SolutionProperties) = preSolution
		HideSolutionNode = FALSE
	EndGlobalSection
	GlobalSection(NestedProjects) = preSolution
		{05071FA2-AE47-4F14-9FB5-BC838F87AA30} = {52ABAC46-7732-498D-B8A1-1FF8A34202C5}
		{B3DFE103-2AB8-43BB-9B26-4643754D1D97} = {B471C7B6-FADC-4CBE-923E-F907D1621DA4}
		{111EB207-8CF1-42CB-B7CC-FB5B05A5E6F5} = {B471C7B6-FADC-4CBE-923E-F907D1621DA4}
		{18F64D83-79DD-48DD-B0F1-A66B69B85A20} = {B471C7B6-FADC-4CBE-923E-F907D1621DA4}
		{A259E4CB-2BD1-4EFF-954F-215303B5C20F} = {A422916A-DF0C-4511-B865-130E0A9DAB67}
		{A7CD79E2-71BB-4D2B-AB59-27806393D5D5} = {E0B876AE-395C-4CBE-BDE4-E1B666E61CE4}
		{8E7C3872-7D44-4BFF-AB4A-0C812AEC769D} = {A422916A-DF0C-4511-B865-130E0A9DAB67}
		{0B8A26EB-25DE-4CA4-BBF0-57BCD86AF922} = {52ABAC46-7732-498D-B8A1-1FF8A34202C5}
		{9CC3B62F-5619-4C6E-A5FF-2B07903AD1C2} = {B471C7B6-FADC-4CBE-923E-F907D1621DA4}
		{B6CB2F32-382C-4A06-A641-2F245175B15E} = {E0B876AE-395C-4CBE-BDE4-E1B666E61CE4}
		{263776CF-9C29-4A8D-9988-5CE03AF45417} = {A422916A-DF0C-4511-B865-130E0A9DAB67}
		{B4A29268-0CDA-4988-8197-2C65436FE72B} = {A422916A-DF0C-4511-B865-130E0A9DAB67}
		{8B307F66-CE94-4240-8977-62B22DC2838F} = {A422916A-DF0C-4511-B865-130E0A9DAB67}
	EndGlobalSection
	GlobalSection(ExtensibilityGlobals) = postSolution
		SolutionGuid = {E1D28AC1-04C7-4EAF-ACD7-782C0914D1CA}
	EndGlobalSection
	GlobalSection(TestCaseManagementSettings) = postSolution
		CategoryFile = Ezfx.Csv.vsmdi
	EndGlobalSection
EndGlobal
